
Microsoft Visual Studio Solution File, Format Version 12.00
# Visual Studio Version 17
VisualStudioVersion = 17.3.32811.315
MinimumVisualStudioVersion = 10.0.40219.1
Project("{FAE04EC0-301F-11D3-BF4B-00C04F79EFBC}") = "OpenCV", "OpenCV\OpenCV.csproj", "{EC7AA6B8-357C-4C47-842E-76352255676C}"
EndProject
Global
	GlobalSection(SolutionConfigurationPlatforms) = preSolution
		Debug|Any CPU = Debug|Any CPU
		Release|Any CPU = Release|Any CPU
	EndGlobalSection
	GlobalSection(ProjectConfigurationPlatforms) = postSolution
		{EC7AA6B8-357C-4C47-842E-76352255676C}.Debug|Any CPU.ActiveCfg = Debug|Any CPU
		{EC7AA6B8-357C-4C47-842E-76352255676C}.Debug|Any CPU.Build.0 = Debug|Any CPU
		{EC7AA6B8-357C-4C47-842E-76352255676C}.Release|Any CPU.ActiveCfg = Release|Any CPU
		{EC7AA6B8-357C-4C47-842E-76352255676C}.Release|Any CPU.Build.0 = Release|Any CPU
	EndGlobalSection
	GlobalSection(SolutionProperties) = preSolution
		HideSolutionNode = FALSE
	EndGlobalSection
	GlobalSection(ExtensibilityGlobals) = postSolution
		SolutionGuid = {FD20E15A-7A2B-478B-BBB9-B728B0833932}
	EndGlobalSection
EndGlobal
